
Microsoft Visual Studio Solution File, Format Version 12.00
# Visual Studio Version 16
VisualStudioVersion = 16.0.30309.148
MinimumVisualStudioVersion = 10.0.40219.1
Project("{FAE04EC0-301F-11D3-BF4B-00C04F79EFBC}") = "08202020_Lab21Lab25", "08202020_Lab21Lab25.csproj", "{2725C272-E6B2-4C3B-B964-CE26EFEA5C2C}"
EndProject
Global
	GlobalSection(SolutionConfigurationPlatforms) = preSolution
		Debug|Any CPU = Debug|Any CPU
		Release|Any CPU = Release|Any CPU
	EndGlobalSection
	GlobalSection(ProjectConfigurationPlatforms) = postSolution
		{2725C272-E6B2-4C3B-B964-CE26EFEA5C2C}.Debug|Any CPU.ActiveCfg = Debug|Any CPU
		{2725C272-E6B2-4C3B-B964-CE26EFEA5C2C}.Debug|Any CPU.Build.0 = Debug|Any CPU
		{2725C272-E6B2-4C3B-B964-CE26EFEA5C2C}.Release|Any CPU.ActiveCfg = Release|Any CPU
		{2725C272-E6B2-4C3B-B964-CE26EFEA5C2C}.Release|Any CPU.Build.0 = Release|Any CPU
	EndGlobalSection
	GlobalSection(SolutionProperties) = preSolution
		HideSolutionNode = FALSE
	EndGlobalSection
	GlobalSection(ExtensibilityGlobals) = postSolution
		SolutionGuid = {A1C7439E-0BCE-4FE1-B7FB-A9E17005A71F}
	EndGlobalSection
EndGlobal
